
Microsoft Visual Studio Solution File, Format Version 12.00
# Visual Studio Version 16
VisualStudioVersion = 16.0.31424.327
MinimumVisualStudioVersion = 10.0.40219.1
Project("{FAE04EC0-301F-11D3-BF4B-00C04F79EFBC}") = "Domain.Core", "Domain.Core\Domain.Core.csproj", "{BFA17F02-1517-4791-95C3-DC3E9667003B}"
EndProject
Project("{FAE04EC0-301F-11D3-BF4B-00C04F79EFBC}") = "Domain.Socios", "Domain.Socios\Domain.Socios.csproj", "{50232EA5-CA54-4078-86B9-C78816DE6F63}"
EndProject
Project("{FAE04EC0-301F-11D3-BF4B-00C04F79EFBC}") = "Domain.Nautico", "Domain.Nautico\Domain.Nautico.csproj", "{0E0651D0-232F-448B-B13E-1ACA3BB91B0E}"
EndProject
Project("{FAE04EC0-301F-11D3-BF4B-00C04F79EFBC}") = "Domain.Financas", "Domain.Financas\Domain.Financas.csproj", "{5BC4440C-FC97-4763-A801-A9DD991E3743}"
EndProject
Global
	GlobalSection(SolutionConfigurationPlatforms) = preSolution
		Debug|Any CPU = Debug|Any CPU
		Release|Any CPU = Release|Any CPU
	EndGlobalSection
	GlobalSection(ProjectConfigurationPlatforms) = postSolution
		{BFA17F02-1517-4791-95C3-DC3E9667003B}.Debug|Any CPU.ActiveCfg = Debug|Any CPU
		{BFA17F02-1517-4791-95C3-DC3E9667003B}.Debug|Any CPU.Build.0 = Debug|Any CPU
		{BFA17F02-1517-4791-95C3-DC3E9667003B}.Release|Any CPU.ActiveCfg = Release|Any CPU
		{BFA17F02-1517-4791-95C3-DC3E9667003B}.Release|Any CPU.Build.0 = Release|Any CPU
		{50232EA5-CA54-4078-86B9-C78816DE6F63}.Debug|Any CPU.ActiveCfg = Debug|Any CPU
		{50232EA5-CA54-4078-86B9-C78816DE6F63}.Debug|Any CPU.Build.0 = Debug|Any CPU
		{50232EA5-CA54-4078-86B9-C78816DE6F63}.Release|Any CPU.ActiveCfg = Release|Any CPU
		{50232EA5-CA54-4078-86B9-C78816DE6F63}.Release|Any CPU.Build.0 = Release|Any CPU
		{0E0651D0-232F-448B-B13E-1ACA3BB91B0E}.Debug|Any CPU.ActiveCfg = Debug|Any CPU
		{0E0651D0-232F-448B-B13E-1ACA3BB91B0E}.Debug|Any CPU.Build.0 = Debug|Any CPU
		{0E0651D0-232F-448B-B13E-1ACA3BB91B0E}.Release|Any CPU.ActiveCfg = Release|Any CPU
		{0E0651D0-232F-448B-B13E-1ACA3BB91B0E}.Release|Any CPU.Build.0 = Release|Any CPU
		{5BC4440C-FC97-4763-A801-A9DD991E3743}.Debug|Any CPU.ActiveCfg = Debug|Any CPU
		{5BC4440C-FC97-4763-A801-A9DD991E3743}.Debug|Any CPU.Build.0 = Debug|Any CPU
		{5BC4440C-FC97-4763-A801-A9DD991E3743}.Release|Any CPU.ActiveCfg = Release|Any CPU
		{5BC4440C-FC97-4763-A801-A9DD991E3743}.Release|Any CPU.Build.0 = Release|Any CPU
	EndGlobalSection
	GlobalSection(SolutionProperties) = preSolution
		HideSolutionNode = FALSE
	EndGlobalSection
	GlobalSection(ExtensibilityGlobals) = postSolution
		SolutionGuid = {E925EDEB-29B2-405F-8778-022904AA8216}
	EndGlobalSection
EndGlobal
